
Microsoft Visual Studio Solution File, Format Version 12.00
# Visual Studio 14
VisualStudioVersion = 14.0.25420.1
MinimumVisualStudioVersion = 10.0.40219.1
Project("{FAE04EC0-301F-11D3-BF4B-00C04F79EFBC}") = "Mammatus", "Mammatus\Mammatus.csproj", "{88F26661-78E6-49D5-80BC-63EE79EEE9A4}"
EndProject
Project("{FAE04EC0-301F-11D3-BF4B-00C04F79EFBC}") = "Mammatus.Data", "Mammatus.Data\Mammatus.Data.csproj", "{20E89D07-EC07-4622-BE4B-1628768FEA84}"
EndProject
Project("{FAE04EC0-301F-11D3-BF4B-00C04F79EFBC}") = "Mammatus.Domain", "Mammatus.Domain\Mammatus.Domain.csproj", "{949984F4-CC69-4DDF-9B69-343198FA1425}"
EndProject
Project("{FAE04EC0-301F-11D3-BF4B-00C04F79EFBC}") = "Mammatus.Web", "Mammatus.Web\Mammatus.Web.csproj", "{83821E85-449E-4730-9FED-7EA5A34D9B30}"
EndProject
Project("{FAE04EC0-301F-11D3-BF4B-00C04F79EFBC}") = "Mammatus.Data.NHibernate", "Mammatus.Data.NHibernate\Mammatus.Data.NHibernate.csproj", "{505B9D22-012A-4085-99A1-9C6F79785F4C}"
EndProject
Project("{2150E333-8FDC-42A3-9474-1A3956D46DE8}") = "Specs", "Specs", "{74EB36E8-43A6-4CC7-B2EA-0051256A9A63}"
EndProject
Project("{2150E333-8FDC-42A3-9474-1A3956D46DE8}") = ".nuget", ".nuget", "{BC670C77-6EF7-4F0E-B2E5-EC89B0383BA0}"
	ProjectSection(SolutionItems) = preProject
		.nuget\NuGet.Config = .nuget\NuGet.Config
		.nuget\NuGet.exe = .nuget\NuGet.exe
		.nuget\NuGet.targets = .nuget\NuGet.targets
	EndProjectSection
EndProject
Project("{2150E333-8FDC-42A3-9474-1A3956D46DE8}") = "Solution Items", "Solution Items", "{1D0EC9CD-D9ED-4B49-B3F7-37D66ACB03C5}"
EndProject
Project("{2150E333-8FDC-42A3-9474-1A3956D46DE8}") = "Integrations", "Integrations", "{DF482BD0-DD5D-489A-A7F3-3AA5840C2BE8}"
EndProject
Project("{FAE04EC0-301F-11D3-BF4B-00C04F79EFBC}") = "Mammatus.IoC.Container.Autofac", "Mammatus.IoC.Container.Autofac\Mammatus.IoC.Container.Autofac.csproj", "{456EFF78-31E6-4D78-8A26-B0056E9A2DEC}"
EndProject
Project("{FAE04EC0-301F-11D3-BF4B-00C04F79EFBC}") = "Mammatus.IoC.Container.CastleWindsor", "Mammatus.IoC.Container.CastleWindsor\Mammatus.IoC.Container.CastleWindsor.csproj", "{9014FE6E-F3F4-45C0-B993-AE17205B0008}"
EndProject
Project("{FAE04EC0-301F-11D3-BF4B-00C04F79EFBC}") = "Mammatus.IoC.Container.SimpleInjector", "Mammatus.IoC.Container.SimpleInjector\Mammatus.IoC.Container.SimpleInjector.csproj", "{2086BD8A-82CF-49E2-8AA7-E72B3C339355}"
EndProject
Project("{FAE04EC0-301F-11D3-BF4B-00C04F79EFBC}") = "Mammatus.IoC.Container.Ninject", "Mammatus.IoC.Container.Ninject\Mammatus.IoC.Container.Ninject.csproj", "{153FA808-1485-48B6-971C-4AAECDF8E25B}"
EndProject
Project("{FAE04EC0-301F-11D3-BF4B-00C04F79EFBC}") = "Mammatus.IoC.Container.StructureMap", "Mammatus.IoC.Container.StructureMap\Mammatus.IoC.Container.StructureMap.csproj", "{C6643C99-EE46-4EC9-8B3C-B3C486BCAFCB}"
EndProject
Project("{FAE04EC0-301F-11D3-BF4B-00C04F79EFBC}") = "Mammatus.IoC.Container.Unity", "Mammatus.IoC.Container.Unity\Mammatus.IoC.Container.Unity.csproj", "{EB55FDF3-7A7A-423C-AE12-1E37B2ED0240}"
EndProject
Project("{2150E333-8FDC-42A3-9474-1A3956D46DE8}") = "IoC", "IoC", "{08719C63-A5CE-4CDE-8B43-30DB5A72AECE}"
EndProject
Project("{2150E333-8FDC-42A3-9474-1A3956D46DE8}") = "WebAPI", "WebAPI", "{98E3DFAF-45E3-49D5-BF89-7534ABC4024F}"
EndProject
Project("{2150E333-8FDC-42A3-9474-1A3956D46DE8}") = "Mvc", "Mvc", "{28B63387-FAFE-43DE-9B8C-A506E070668C}"
EndProject
Project("{FAE04EC0-301F-11D3-BF4B-00C04F79EFBC}") = "Mammatus.ServiceModel", "Mammatus.ServiceModel\Mammatus.ServiceModel.csproj", "{BFBD394A-5B20-46FD-BBAC-5E8C0E340B76}"
EndProject
Project("{FAE04EC0-301F-11D3-BF4B-00C04F79EFBC}") = "Mammatus.AspNet.Mvc", "Mammatus.AspNet.Mvc\Mammatus.AspNet.Mvc.csproj", "{342EEEC2-7E58-40C7-A2B2-095D4C22813C}"
EndProject
Project("{FAE04EC0-301F-11D3-BF4B-00C04F79EFBC}") = "Mammatus.Configuration", "Mammatus.Configuration\Mammatus.Configuration.csproj", "{15BF6122-C636-4294-B9F7-EE54A1826C0F}"
EndProject
Project("{2150E333-8FDC-42A3-9474-1A3956D46DE8}") = "Transform", "Transform", "{05359005-306E-4AF4-9113-07DD0446DAE5}"
EndProject
Project("{FAE04EC0-301F-11D3-BF4B-00C04F79EFBC}") = "Mammatus.AspNet.WebApi", "Mammatus.AspNet.WebApi\Mammatus.AspNet.WebApi.csproj", "{7C62BFBC-7341-42E0-88F2-1CED8E84305B}"
EndProject
Project("{FAE04EC0-301F-11D3-BF4B-00C04F79EFBC}") = "Mammatus.Serialization.Newtonsoft", "Mammatus.Serialization.Newtonsoft\Mammatus.Serialization.Newtonsoft.csproj", "{528396DE-89E7-4466-842D-6040FD98D281}"
EndProject
Project("{FAE04EC0-301F-11D3-BF4B-00C04F79EFBC}") = "Mammatus.Xml", "Mammatus.Xml\Mammatus.Xml.csproj", "{AE8F9E2E-0409-4179-82EC-B841E7F70630}"
EndProject
Project("{2150E333-8FDC-42A3-9474-1A3956D46DE8}") = "Tools", "Tools", "{AD1DC5DB-156F-4F6B-9270-271ECCCA9D00}"
EndProject
Project("{FAE04EC0-301F-11D3-BF4B-00C04F79EFBC}") = "Mammatus.ServiceModel.Web", "Mammatus.ServiceModel.Web\Mammatus.ServiceModel.Web.csproj", "{E11BEAF3-78A1-4454-8A40-9A43E0CD555A}"
EndProject
Project("{2150E333-8FDC-42A3-9474-1A3956D46DE8}") = "Rx", "Rx", "{B954CABB-3D77-4CBE-A793-3231936B5371}"
EndProject
Project("{FAE04EC0-301F-11D3-BF4B-00C04F79EFBC}") = "Mammatus.Reactive", "Mammatus.Reactive\Mammatus.Reactive.csproj", "{A7BEA62F-082F-4138-BA05-05ED9D18C656}"
EndProject
Project("{FAE04EC0-301F-11D3-BF4B-00C04F79EFBC}") = "Mammatus.Reactive.Utils", "Mammatus.Reactive.Utils\Mammatus.Reactive.Utils.csproj", "{E16CBA2B-8919-4D57-AEE3-BF60F85C9AA0}"
EndProject
Project("{FAE04EC0-301F-11D3-BF4B-00C04F79EFBC}") = "Mammatus.ServiceModel.Security", "Mammatus.ServiceModel.Security\Mammatus.ServiceModel.Security.csproj", "{9B1ADC44-2302-408E-A6E2-402F2EE11EDD}"
EndProject
Project("{FAE04EC0-301F-11D3-BF4B-00C04F79EFBC}") = "Mammatus.ServiceModel.Example", "Mammatus.ServiceModel.Example\Mammatus.ServiceModel.Example.csproj", "{9685EB15-6D05-45A2-88A1-D601B0C27A29}"
EndProject
Project("{FAE04EC0-301F-11D3-BF4B-00C04F79EFBC}") = "Mammatus.Compute", "Mammatus.Compute\Mammatus.Compute.csproj", "{C82FE0BC-D74C-4FF8-8B2D-B3C7E47E5AE8}"
EndProject
Project("{2150E333-8FDC-42A3-9474-1A3956D46DE8}") = "WebForms", "WebForms", "{8FA1A508-E40F-4DE3-8709-DED170B462D8}"
EndProject
Project("{FAE04EC0-301F-11D3-BF4B-00C04F79EFBC}") = "Mammatus.AspNet.WebForms", "Mammatus.AspNet.WebForms\Mammatus.AspNet.WebForms.csproj", "{295D7829-1D15-4148-B8F7-6F803785F1AC}"
EndProject
Project("{2150E333-8FDC-42A3-9474-1A3956D46DE8}") = "iTextSharp", "iTextSharp", "{F81326E5-3974-4F71-9F99-C565676702C5}"
EndProject
Project("{FAE04EC0-301F-11D3-BF4B-00C04F79EFBC}") = "Mammatus.Documents.iTextSharp", "Mammatus.Documents.iTextSharp\Mammatus.Documents.iTextSharp.csproj", "{F43E030F-C171-433A-9904-B035563EE944}"
EndProject
Project("{2150E333-8FDC-42A3-9474-1A3956D46DE8}") = "lib", "lib", "{8B667901-60EB-4FB7-929B-66ED8398A735}"
	ProjectSection(SolutionItems) = preProject
		..\proj\lib\Excel.dll = ..\proj\lib\Excel.dll
		..\proj\lib\ICSharpCode.SharpZipLib.dll = ..\proj\lib\ICSharpCode.SharpZipLib.dll
		..\proj\lib\itextsharp.dll = ..\proj\lib\itextsharp.dll
		..\proj\lib\Microsoft.Vbe.Interop.dll = ..\proj\lib\Microsoft.Vbe.Interop.dll
		..\proj\lib\office.dll = ..\proj\lib\office.dll
		..\proj\lib\OWC10Chart.dll = ..\proj\lib\OWC10Chart.dll
	EndProjectSection
EndProject
Project("{FAE04EC0-301F-11D3-BF4B-00C04F79EFBC}") = "Mammatus.AspNet.Mvc.Autofac", "Mammatus.AspNet.Mvc.Autofac\Mammatus.AspNet.Mvc.Autofac.csproj", "{4CE97817-4EF1-4A73-ADC8-8B1A0D2B703F}"
EndProject
Project("{FAE04EC0-301F-11D3-BF4B-00C04F79EFBC}") = "Mammatus.Utility", "Mammatus.Utility\Mammatus.Utility.csproj", "{664F38EE-8583-4D42-B4EB-70B70FCB670C}"
EndProject
Project("{2150E333-8FDC-42A3-9474-1A3956D46DE8}") = "docs", "docs", "{7546A951-C089-45E4-995C-C25E6044CE68}"
	ProjectSection(SolutionItems) = preProject
		..\proj\docs\Wiki.txt = ..\proj\docs\Wiki.txt
	EndProjectSection
EndProject
Project("{FAE04EC0-301F-11D3-BF4B-00C04F79EFBC}") = "Mammatus.AspNet.WebApi.Autofac", "Mammatus.AspNet.WebApi.Autofac\Mammatus.AspNet.WebApi.Autofac.csproj", "{4028A286-4634-4B0A-834A-E5E10BD27371}"
EndProject
Project("{2150E333-8FDC-42A3-9474-1A3956D46DE8}") = "Data", "Data", "{D371E8B7-4387-42B9-8F38-F818A5D9EB88}"
EndProject
Project("{FAE04EC0-301F-11D3-BF4B-00C04F79EFBC}") = "Mammatus.ComponentModel", "Mammatus.ComponentModel\Mammatus.ComponentModel.csproj", "{754240AF-8BAE-41FE-B29C-BB076F23D103}"
EndProject
Project("{2150E333-8FDC-42A3-9474-1A3956D46DE8}") = "Examples", "Examples", "{45B7DB60-1415-4AEC-8668-65D4C9BB4880}"
EndProject
Project("{FAE04EC0-301F-11D3-BF4B-00C04F79EFBC}") = "Mammatus.ServiceModel.IntegrationTest", "Mammatus.ServiceModel.IntegrationTest\Mammatus.ServiceModel.IntegrationTest.csproj", "{57EB2CA8-76DC-4AF8-A91F-A32A2F3534B3}"
EndProject
Project("{FAE04EC0-301F-11D3-BF4B-00C04F79EFBC}") = "Mammatus.ServiceModel.Client", "Mammatus.ServiceModel.Client\Mammatus.ServiceModel.Client.csproj", "{6FCAECC4-229B-4A38-914A-FE70E6910A2F}"
EndProject
Project("{FAE04EC0-301F-11D3-BF4B-00C04F79EFBC}") = "Mammatus.Cryptography", "Mammatus.Cryptography\Mammatus.Cryptography.csproj", "{6DBFF353-C818-4BF1-AFE1-02E344F2A001}"
EndProject
Project("{FAE04EC0-301F-11D3-BF4B-00C04F79EFBC}") = "Mammatus.UnitTest", "Mammatus.UnitTest\Mammatus.UnitTest.csproj", "{72695C5A-E6F4-42EC-BB35-35511BFEC3C0}"
EndProject
Project("{2150E333-8FDC-42A3-9474-1A3956D46DE8}") = "ASP.NET", "ASP.NET", "{7D15DADF-E503-4026-A3A0-EFC15B2D5CC1}"
EndProject
Project("{2150E333-8FDC-42A3-9474-1A3956D46DE8}") = "Core", "Core", "{87770B87-5884-48B7-929B-B848CA75D70A}"
EndProject
Project("{8BB2217D-0F2D-49D1-97BC-3654ED321F3B}") = "Mammatus.AspNetCore", "Mammatus.AspNetCore\Mammatus.AspNetCore.xproj", "{E0D00DA8-458A-4808-9333-70B575E49AC8}"
EndProject
Project("{2150E333-8FDC-42A3-9474-1A3956D46DE8}") = "Logging", "Logging", "{6AFDD49F-57BE-4DDD-BB42-4A3BB5430E12}"
EndProject
Project("{FAE04EC0-301F-11D3-BF4B-00C04F79EFBC}") = "Mammatus.Integration.Log4Net", "Mammatus.Integration.Log4Net\Mammatus.Integration.Log4Net.csproj", "{E5102235-CB14-4BB8-B6BA-900858241820}"
EndProject
Project("{FAE04EC0-301F-11D3-BF4B-00C04F79EFBC}") = "Mammatus.Microservice", "Mammatus.Microservice\Mammatus.Microservice.csproj", "{BE4C0424-932C-4A2E-8DED-C1B331E47DD1}"
EndProject
Project("{2150E333-8FDC-42A3-9474-1A3956D46DE8}") = "Wcf", "Wcf", "{A6D82307-1F60-4806-83B6-092E9C3AA296}"
EndProject
Project("{2150E333-8FDC-42A3-9474-1A3956D46DE8}") = "Quartz", "Quartz", "{812E8514-BE1B-4470-BEB7-252BE437697F}"
EndProject
Project("{FAE04EC0-301F-11D3-BF4B-00C04F79EFBC}") = "Mammatus.Integration.Quartz", "Mammatus.Integration.Quartz\Mammatus.Integration.Quartz.csproj", "{3D64CC21-CD3B-4D6A-BC7A-27F7EFDD968C}"
EndProject
Project("{FAE04EC0-301F-11D3-BF4B-00C04F79EFBC}") = "Mammatus.ServiceModel.Autofac", "Mammatus.ServiceModel.Autofac\Mammatus.ServiceModel.Autofac.csproj", "{289EF3C0-A713-4613-9623-EDB50405794E}"
EndProject
Project("{FAE04EC0-301F-11D3-BF4B-00C04F79EFBC}") = "Mammatus.Runtime.Serialization", "Mammatus.Runtime.Serialization\Mammatus.Runtime.Serialization.csproj", "{F0F987DF-DE63-4A51-B316-C61033022FD4}"
EndProject
Project("{FAE04EC0-301F-11D3-BF4B-00C04F79EFBC}") = "Mammatus.Data.Entity", "Mammatus.Data.Entity\Mammatus.Data.Entity.csproj", "{ADB848C8-34A6-42B5-90FC-DDF0B8513109}"
EndProject
Project("{FAE04EC0-301F-11D3-BF4B-00C04F79EFBC}") = "Mammatus.Data.Entity.Core", "Mammatus.Data.Entity.Core\Mammatus.Data.Entity.Core.csproj", "{9B8FA2FE-1697-4501-B8ED-70C6BA5017DB}"
EndProject
Project("{FAE04EC0-301F-11D3-BF4B-00C04F79EFBC}") = "Mammatus.AspNet.NHibernate", "Mammatus.AspNet.NHibernate\Mammatus.AspNet.NHibernate.csproj", "{534E6C0B-2CE0-491A-B63F-5184B1D422B6}"
EndProject
Project("{2150E333-8FDC-42A3-9474-1A3956D46DE8}") = "Data Projects", "Data Projects", "{CDA2F206-7165-4214-80A0-39D946A42B7A}"
EndProject
Project("{00D1A9C2-B5F0-4AF3-8072-F6C62B433612}") = "Mammatus.Data.PostgreSQL", "Mammatus.Data.PostgreSQL\Mammatus.Data.PostgreSQL.sqlproj", "{6B16292B-710F-43E3-A67D-874A2EBC5987}"
EndProject
Project("{00D1A9C2-B5F0-4AF3-8072-F6C62B433612}") = "Mammatus.Data.OracleDatabase", "Mammatus.Data.OracleDatabase\Mammatus.Data.OracleDatabase.sqlproj", "{76A85C53-9409-4622-9CB3-DB9E883EF88B}"
EndProject
Project("{00D1A9C2-B5F0-4AF3-8072-F6C62B433612}") = "Mammatus.Data.MySQL", "Mammatus.Data.MySQL\Mammatus.Data.MySQL.sqlproj", "{B2B052FF-EA4B-41F5-9975-B24F2F5DEAF4}"
EndProject
Project("{00D1A9C2-B5F0-4AF3-8072-F6C62B433612}") = "Mammatus.Data.SQLServer", "Mammatus.Data.SQLServer\Mammatus.Data.SQLServer.sqlproj", "{4F0AC064-5649-48FB-845A-458A6A9BC1CF}"
EndProject
Project("{2150E333-8FDC-42A3-9474-1A3956D46DE8}") = "Messaging", "Messaging", "{569D1D92-AE8F-47BF-A587-62B0C9A68BFA}"
EndProject
Project("{FAE04EC0-301F-11D3-BF4B-00C04F79EFBC}") = "Mammatus.Messaging.MassTransit", "Mammatus.Messaging.MassTransit\Mammatus.Messaging.MassTransit.csproj", "{343ADF3C-9D1A-4F84-819D-8195567FB9AB}"
EndProject
Global
	GlobalSection(SolutionConfigurationPlatforms) = preSolution
		Debug|Any CPU = Debug|Any CPU
		Release|Any CPU = Release|Any CPU
	EndGlobalSection
	GlobalSection(ProjectConfigurationPlatforms) = postSolution
		{88F26661-78E6-49D5-80BC-63EE79EEE9A4}.Debug|Any CPU.ActiveCfg = Debug|Any CPU
		{88F26661-78E6-49D5-80BC-63EE79EEE9A4}.Debug|Any CPU.Build.0 = Debug|Any CPU
		{88F26661-78E6-49D5-80BC-63EE79EEE9A4}.Release|Any CPU.ActiveCfg = Release|Any CPU
		{88F26661-78E6-49D5-80BC-63EE79EEE9A4}.Release|Any CPU.Build.0 = Release|Any CPU
		{20E89D07-EC07-4622-BE4B-1628768FEA84}.Debug|Any CPU.ActiveCfg = Debug|Any CPU
		{20E89D07-EC07-4622-BE4B-1628768FEA84}.Debug|Any CPU.Build.0 = Debug|Any CPU
		{20E89D07-EC07-4622-BE4B-1628768FEA84}.Release|Any CPU.ActiveCfg = Release|Any CPU
		{20E89D07-EC07-4622-BE4B-1628768FEA84}.Release|Any CPU.Build.0 = Release|Any CPU
		{949984F4-CC69-4DDF-9B69-343198FA1425}.Debug|Any CPU.ActiveCfg = Debug|Any CPU
		{949984F4-CC69-4DDF-9B69-343198FA1425}.Debug|Any CPU.Build.0 = Debug|Any CPU
		{949984F4-CC69-4DDF-9B69-343198FA1425}.Release|Any CPU.ActiveCfg = Release|Any CPU
		{949984F4-CC69-4DDF-9B69-343198FA1425}.Release|Any CPU.Build.0 = Release|Any CPU
		{83821E85-449E-4730-9FED-7EA5A34D9B30}.Debug|Any CPU.ActiveCfg = Debug|Any CPU
		{83821E85-449E-4730-9FED-7EA5A34D9B30}.Debug|Any CPU.Build.0 = Debug|Any CPU
		{83821E85-449E-4730-9FED-7EA5A34D9B30}.Release|Any CPU.ActiveCfg = Release|Any CPU
		{83821E85-449E-4730-9FED-7EA5A34D9B30}.Release|Any CPU.Build.0 = Release|Any CPU
		{505B9D22-012A-4085-99A1-9C6F79785F4C}.Debug|Any CPU.ActiveCfg = Debug|Any CPU
		{505B9D22-012A-4085-99A1-9C6F79785F4C}.Debug|Any CPU.Build.0 = Debug|Any CPU
		{505B9D22-012A-4085-99A1-9C6F79785F4C}.Release|Any CPU.ActiveCfg = Release|Any CPU
		{505B9D22-012A-4085-99A1-9C6F79785F4C}.Release|Any CPU.Build.0 = Release|Any CPU
		{456EFF78-31E6-4D78-8A26-B0056E9A2DEC}.Debug|Any CPU.ActiveCfg = Debug|Any CPU
		{456EFF78-31E6-4D78-8A26-B0056E9A2DEC}.Debug|Any CPU.Build.0 = Debug|Any CPU
		{456EFF78-31E6-4D78-8A26-B0056E9A2DEC}.Release|Any CPU.ActiveCfg = Release|Any CPU
		{456EFF78-31E6-4D78-8A26-B0056E9A2DEC}.Release|Any CPU.Build.0 = Release|Any CPU
		{9014FE6E-F3F4-45C0-B993-AE17205B0008}.Debug|Any CPU.ActiveCfg = Debug|Any CPU
		{9014FE6E-F3F4-45C0-B993-AE17205B0008}.Debug|Any CPU.Build.0 = Debug|Any CPU
		{9014FE6E-F3F4-45C0-B993-AE17205B0008}.Release|Any CPU.ActiveCfg = Release|Any CPU
		{9014FE6E-F3F4-45C0-B993-AE17205B0008}.Release|Any CPU.Build.0 = Release|Any CPU
		{2086BD8A-82CF-49E2-8AA7-E72B3C339355}.Debug|Any CPU.ActiveCfg = Debug|Any CPU
		{2086BD8A-82CF-49E2-8AA7-E72B3C339355}.Debug|Any CPU.Build.0 = Debug|Any CPU
		{2086BD8A-82CF-49E2-8AA7-E72B3C339355}.Release|Any CPU.ActiveCfg = Release|Any CPU
		{2086BD8A-82CF-49E2-8AA7-E72B3C339355}.Release|Any CPU.Build.0 = Release|Any CPU
		{153FA808-1485-48B6-971C-4AAECDF8E25B}.Debug|Any CPU.ActiveCfg = Debug|Any CPU
		{153FA808-1485-48B6-971C-4AAECDF8E25B}.Debug|Any CPU.Build.0 = Debug|Any CPU
		{153FA808-1485-48B6-971C-4AAECDF8E25B}.Release|Any CPU.ActiveCfg = Release|Any CPU
		{153FA808-1485-48B6-971C-4AAECDF8E25B}.Release|Any CPU.Build.0 = Release|Any CPU
		{C6643C99-EE46-4EC9-8B3C-B3C486BCAFCB}.Debug|Any CPU.ActiveCfg = Debug|Any CPU
		{C6643C99-EE46-4EC9-8B3C-B3C486BCAFCB}.Debug|Any CPU.Build.0 = Debug|Any CPU
		{C6643C99-EE46-4EC9-8B3C-B3C486BCAFCB}.Release|Any CPU.ActiveCfg = Release|Any CPU
		{C6643C99-EE46-4EC9-8B3C-B3C486BCAFCB}.Release|Any CPU.Build.0 = Release|Any CPU
		{EB55FDF3-7A7A-423C-AE12-1E37B2ED0240}.Debug|Any CPU.ActiveCfg = Debug|Any CPU
		{EB55FDF3-7A7A-423C-AE12-1E37B2ED0240}.Debug|Any CPU.Build.0 = Debug|Any CPU
		{EB55FDF3-7A7A-423C-AE12-1E37B2ED0240}.Release|Any CPU.ActiveCfg = Release|Any CPU
		{EB55FDF3-7A7A-423C-AE12-1E37B2ED0240}.Release|Any CPU.Build.0 = Release|Any CPU
		{BFBD394A-5B20-46FD-BBAC-5E8C0E340B76}.Debug|Any CPU.ActiveCfg = Debug|Any CPU
		{BFBD394A-5B20-46FD-BBAC-5E8C0E340B76}.Debug|Any CPU.Build.0 = Debug|Any CPU
		{BFBD394A-5B20-46FD-BBAC-5E8C0E340B76}.Release|Any CPU.ActiveCfg = Release|Any CPU
		{BFBD394A-5B20-46FD-BBAC-5E8C0E340B76}.Release|Any CPU.Build.0 = Release|Any CPU
		{342EEEC2-7E58-40C7-A2B2-095D4C22813C}.Debug|Any CPU.ActiveCfg = Debug|Any CPU
		{342EEEC2-7E58-40C7-A2B2-095D4C22813C}.Debug|Any CPU.Build.0 = Debug|Any CPU
		{342EEEC2-7E58-40C7-A2B2-095D4C22813C}.Release|Any CPU.ActiveCfg = Release|Any CPU
		{342EEEC2-7E58-40C7-A2B2-095D4C22813C}.Release|Any CPU.Build.0 = Release|Any CPU
		{15BF6122-C636-4294-B9F7-EE54A1826C0F}.Debug|Any CPU.ActiveCfg = Debug|Any CPU
		{15BF6122-C636-4294-B9F7-EE54A1826C0F}.Debug|Any CPU.Build.0 = Debug|Any CPU
		{15BF6122-C636-4294-B9F7-EE54A1826C0F}.Release|Any CPU.ActiveCfg = Release|Any CPU
		{15BF6122-C636-4294-B9F7-EE54A1826C0F}.Release|Any CPU.Build.0 = Release|Any CPU
		{7C62BFBC-7341-42E0-88F2-1CED8E84305B}.Debug|Any CPU.ActiveCfg = Debug|Any CPU
		{7C62BFBC-7341-42E0-88F2-1CED8E84305B}.Debug|Any CPU.Build.0 = Debug|Any CPU
		{7C62BFBC-7341-42E0-88F2-1CED8E84305B}.Release|Any CPU.ActiveCfg = Release|Any CPU
		{7C62BFBC-7341-42E0-88F2-1CED8E84305B}.Release|Any CPU.Build.0 = Release|Any CPU
		{528396DE-89E7-4466-842D-6040FD98D281}.Debug|Any CPU.ActiveCfg = Debug|Any CPU
		{528396DE-89E7-4466-842D-6040FD98D281}.Debug|Any CPU.Build.0 = Debug|Any CPU
		{528396DE-89E7-4466-842D-6040FD98D281}.Release|Any CPU.ActiveCfg = Release|Any CPU
		{528396DE-89E7-4466-842D-6040FD98D281}.Release|Any CPU.Build.0 = Release|Any CPU
		{AE8F9E2E-0409-4179-82EC-B841E7F70630}.Debug|Any CPU.ActiveCfg = Debug|Any CPU
		{AE8F9E2E-0409-4179-82EC-B841E7F70630}.Debug|Any CPU.Build.0 = Debug|Any CPU
		{AE8F9E2E-0409-4179-82EC-B841E7F70630}.Release|Any CPU.ActiveCfg = Release|Any CPU
		{AE8F9E2E-0409-4179-82EC-B841E7F70630}.Release|Any CPU.Build.0 = Release|Any CPU
		{E11BEAF3-78A1-4454-8A40-9A43E0CD555A}.Debug|Any CPU.ActiveCfg = Debug|Any CPU
		{E11BEAF3-78A1-4454-8A40-9A43E0CD555A}.Debug|Any CPU.Build.0 = Debug|Any CPU
		{E11BEAF3-78A1-4454-8A40-9A43E0CD555A}.Release|Any CPU.ActiveCfg = Release|Any CPU
		{E11BEAF3-78A1-4454-8A40-9A43E0CD555A}.Release|Any CPU.Build.0 = Release|Any CPU
		{A7BEA62F-082F-4138-BA05-05ED9D18C656}.Debug|Any CPU.ActiveCfg = Debug|Any CPU
		{A7BEA62F-082F-4138-BA05-05ED9D18C656}.Debug|Any CPU.Build.0 = Debug|Any CPU
		{A7BEA62F-082F-4138-BA05-05ED9D18C656}.Release|Any CPU.ActiveCfg = Release|Any CPU
		{A7BEA62F-082F-4138-BA05-05ED9D18C656}.Release|Any CPU.Build.0 = Release|Any CPU
		{E16CBA2B-8919-4D57-AEE3-BF60F85C9AA0}.Debug|Any CPU.ActiveCfg = Debug|Any CPU
		{E16CBA2B-8919-4D57-AEE3-BF60F85C9AA0}.Debug|Any CPU.Build.0 = Debug|Any CPU
		{E16CBA2B-8919-4D57-AEE3-BF60F85C9AA0}.Release|Any CPU.ActiveCfg = Release|Any CPU
		{E16CBA2B-8919-4D57-AEE3-BF60F85C9AA0}.Release|Any CPU.Build.0 = Release|Any CPU
		{9B1ADC44-2302-408E-A6E2-402F2EE11EDD}.Debug|Any CPU.ActiveCfg = Debug|Any CPU
		{9B1ADC44-2302-408E-A6E2-402F2EE11EDD}.Debug|Any CPU.Build.0 = Debug|Any CPU
		{9B1ADC44-2302-408E-A6E2-402F2EE11EDD}.Release|Any CPU.ActiveCfg = Release|Any CPU
		{9B1ADC44-2302-408E-A6E2-402F2EE11EDD}.Release|Any CPU.Build.0 = Release|Any CPU
		{9685EB15-6D05-45A2-88A1-D601B0C27A29}.Debug|Any CPU.ActiveCfg = Debug|Any CPU
		{9685EB15-6D05-45A2-88A1-D601B0C27A29}.Debug|Any CPU.Build.0 = Debug|Any CPU
		{9685EB15-6D05-45A2-88A1-D601B0C27A29}.Release|Any CPU.ActiveCfg = Release|Any CPU
		{9685EB15-6D05-45A2-88A1-D601B0C27A29}.Release|Any CPU.Build.0 = Release|Any CPU
		{C82FE0BC-D74C-4FF8-8B2D-B3C7E47E5AE8}.Debug|Any CPU.ActiveCfg = Debug|Any CPU
		{C82FE0BC-D74C-4FF8-8B2D-B3C7E47E5AE8}.Debug|Any CPU.Build.0 = Debug|Any CPU
		{C82FE0BC-D74C-4FF8-8B2D-B3C7E47E5AE8}.Release|Any CPU.ActiveCfg = Release|Any CPU
		{C82FE0BC-D74C-4FF8-8B2D-B3C7E47E5AE8}.Release|Any CPU.Build.0 = Release|Any CPU
		{295D7829-1D15-4148-B8F7-6F803785F1AC}.Debug|Any CPU.ActiveCfg = Debug|Any CPU
		{295D7829-1D15-4148-B8F7-6F803785F1AC}.Debug|Any CPU.Build.0 = Debug|Any CPU
		{295D7829-1D15-4148-B8F7-6F803785F1AC}.Release|Any CPU.ActiveCfg = Release|Any CPU
		{295D7829-1D15-4148-B8F7-6F803785F1AC}.Release|Any CPU.Build.0 = Release|Any CPU
		{F43E030F-C171-433A-9904-B035563EE944}.Debug|Any CPU.ActiveCfg = Debug|Any CPU
		{F43E030F-C171-433A-9904-B035563EE944}.Debug|Any CPU.Build.0 = Debug|Any CPU
		{F43E030F-C171-433A-9904-B035563EE944}.Release|Any CPU.ActiveCfg = Release|Any CPU
		{F43E030F-C171-433A-9904-B035563EE944}.Release|Any CPU.Build.0 = Release|Any CPU
		{4CE97817-4EF1-4A73-ADC8-8B1A0D2B703F}.Debug|Any CPU.ActiveCfg = Debug|Any CPU
		{4CE97817-4EF1-4A73-ADC8-8B1A0D2B703F}.Debug|Any CPU.Build.0 = Debug|Any CPU
		{4CE97817-4EF1-4A73-ADC8-8B1A0D2B703F}.Release|Any CPU.ActiveCfg = Release|Any CPU
		{4CE97817-4EF1-4A73-ADC8-8B1A0D2B703F}.Release|Any CPU.Build.0 = Release|Any CPU
		{664F38EE-8583-4D42-B4EB-70B70FCB670C}.Debug|Any CPU.ActiveCfg = Debug|Any CPU
		{664F38EE-8583-4D42-B4EB-70B70FCB670C}.Debug|Any CPU.Build.0 = Debug|Any CPU
		{664F38EE-8583-4D42-B4EB-70B70FCB670C}.Release|Any CPU.ActiveCfg = Release|Any CPU
		{664F38EE-8583-4D42-B4EB-70B70FCB670C}.Release|Any CPU.Build.0 = Release|Any CPU
		{4028A286-4634-4B0A-834A-E5E10BD27371}.Debug|Any CPU.ActiveCfg = Debug|Any CPU
		{4028A286-4634-4B0A-834A-E5E10BD27371}.Debug|Any CPU.Build.0 = Debug|Any CPU
		{4028A286-4634-4B0A-834A-E5E10BD27371}.Release|Any CPU.ActiveCfg = Release|Any CPU
		{4028A286-4634-4B0A-834A-E5E10BD27371}.Release|Any CPU.Build.0 = Release|Any CPU
		{754240AF-8BAE-41FE-B29C-BB076F23D103}.Debug|Any CPU.ActiveCfg = Debug|Any CPU
		{754240AF-8BAE-41FE-B29C-BB076F23D103}.Debug|Any CPU.Build.0 = Debug|Any CPU
		{754240AF-8BAE-41FE-B29C-BB076F23D103}.Release|Any CPU.ActiveCfg = Release|Any CPU
		{754240AF-8BAE-41FE-B29C-BB076F23D103}.Release|Any CPU.Build.0 = Release|Any CPU
		{57EB2CA8-76DC-4AF8-A91F-A32A2F3534B3}.Debug|Any CPU.ActiveCfg = Debug|Any CPU
		{57EB2CA8-76DC-4AF8-A91F-A32A2F3534B3}.Debug|Any CPU.Build.0 = Debug|Any CPU
		{57EB2CA8-76DC-4AF8-A91F-A32A2F3534B3}.Release|Any CPU.ActiveCfg = Release|Any CPU
		{57EB2CA8-76DC-4AF8-A91F-A32A2F3534B3}.Release|Any CPU.Build.0 = Release|Any CPU
		{6FCAECC4-229B-4A38-914A-FE70E6910A2F}.Debug|Any CPU.ActiveCfg = Debug|Any CPU
		{6FCAECC4-229B-4A38-914A-FE70E6910A2F}.Debug|Any CPU.Build.0 = Debug|Any CPU
		{6FCAECC4-229B-4A38-914A-FE70E6910A2F}.Release|Any CPU.ActiveCfg = Release|Any CPU
		{6FCAECC4-229B-4A38-914A-FE70E6910A2F}.Release|Any CPU.Build.0 = Release|Any CPU
		{6DBFF353-C818-4BF1-AFE1-02E344F2A001}.Debug|Any CPU.ActiveCfg = Debug|Any CPU
		{6DBFF353-C818-4BF1-AFE1-02E344F2A001}.Debug|Any CPU.Build.0 = Debug|Any CPU
		{6DBFF353-C818-4BF1-AFE1-02E344F2A001}.Release|Any CPU.ActiveCfg = Release|Any CPU
		{6DBFF353-C818-4BF1-AFE1-02E344F2A001}.Release|Any CPU.Build.0 = Release|Any CPU
		{72695C5A-E6F4-42EC-BB35-35511BFEC3C0}.Debug|Any CPU.ActiveCfg = Debug|Any CPU
		{72695C5A-E6F4-42EC-BB35-35511BFEC3C0}.Debug|Any CPU.Build.0 = Debug|Any CPU
		{72695C5A-E6F4-42EC-BB35-35511BFEC3C0}.Release|Any CPU.ActiveCfg = Release|Any CPU
		{72695C5A-E6F4-42EC-BB35-35511BFEC3C0}.Release|Any CPU.Build.0 = Release|Any CPU
		{E0D00DA8-458A-4808-9333-70B575E49AC8}.Debug|Any CPU.ActiveCfg = Debug|Any CPU
		{E0D00DA8-458A-4808-9333-70B575E49AC8}.Debug|Any CPU.Build.0 = Debug|Any CPU
		{E0D00DA8-458A-4808-9333-70B575E49AC8}.Release|Any CPU.ActiveCfg = Release|Any CPU
		{E0D00DA8-458A-4808-9333-70B575E49AC8}.Release|Any CPU.Build.0 = Release|Any CPU
		{E5102235-CB14-4BB8-B6BA-900858241820}.Debug|Any CPU.ActiveCfg = Debug|Any CPU
		{E5102235-CB14-4BB8-B6BA-900858241820}.Debug|Any CPU.Build.0 = Debug|Any CPU
		{E5102235-CB14-4BB8-B6BA-900858241820}.Release|Any CPU.ActiveCfg = Release|Any CPU
		{E5102235-CB14-4BB8-B6BA-900858241820}.Release|Any CPU.Build.0 = Release|Any CPU
		{BE4C0424-932C-4A2E-8DED-C1B331E47DD1}.Debug|Any CPU.ActiveCfg = Debug|Any CPU
		{BE4C0424-932C-4A2E-8DED-C1B331E47DD1}.Debug|Any CPU.Build.0 = Debug|Any CPU
		{BE4C0424-932C-4A2E-8DED-C1B331E47DD1}.Release|Any CPU.ActiveCfg = Release|Any CPU
		{BE4C0424-932C-4A2E-8DED-C1B331E47DD1}.Release|Any CPU.Build.0 = Release|Any CPU
		{3D64CC21-CD3B-4D6A-BC7A-27F7EFDD968C}.Debug|Any CPU.ActiveCfg = Debug|Any CPU
		{3D64CC21-CD3B-4D6A-BC7A-27F7EFDD968C}.Debug|Any CPU.Build.0 = Debug|Any CPU
		{3D64CC21-CD3B-4D6A-BC7A-27F7EFDD968C}.Release|Any CPU.ActiveCfg = Release|Any CPU
		{3D64CC21-CD3B-4D6A-BC7A-27F7EFDD968C}.Release|Any CPU.Build.0 = Release|Any CPU
		{289EF3C0-A713-4613-9623-EDB50405794E}.Debug|Any CPU.ActiveCfg = Debug|Any CPU
		{289EF3C0-A713-4613-9623-EDB50405794E}.Debug|Any CPU.Build.0 = Debug|Any CPU
		{289EF3C0-A713-4613-9623-EDB50405794E}.Release|Any CPU.ActiveCfg = Release|Any CPU
		{289EF3C0-A713-4613-9623-EDB50405794E}.Release|Any CPU.Build.0 = Release|Any CPU
		{F0F987DF-DE63-4A51-B316-C61033022FD4}.Debug|Any CPU.ActiveCfg = Debug|Any CPU
		{F0F987DF-DE63-4A51-B316-C61033022FD4}.Debug|Any CPU.Build.0 = Debug|Any CPU
		{F0F987DF-DE63-4A51-B316-C61033022FD4}.Release|Any CPU.ActiveCfg = Release|Any CPU
		{F0F987DF-DE63-4A51-B316-C61033022FD4}.Release|Any CPU.Build.0 = Release|Any CPU
		{ADB848C8-34A6-42B5-90FC-DDF0B8513109}.Debug|Any CPU.ActiveCfg = Debug|Any CPU
		{ADB848C8-34A6-42B5-90FC-DDF0B8513109}.Debug|Any CPU.Build.0 = Debug|Any CPU
		{ADB848C8-34A6-42B5-90FC-DDF0B8513109}.Release|Any CPU.ActiveCfg = Release|Any CPU
		{ADB848C8-34A6-42B5-90FC-DDF0B8513109}.Release|Any CPU.Build.0 = Release|Any CPU
		{9B8FA2FE-1697-4501-B8ED-70C6BA5017DB}.Debug|Any CPU.ActiveCfg = Debug|Any CPU
		{9B8FA2FE-1697-4501-B8ED-70C6BA5017DB}.Debug|Any CPU.Build.0 = Debug|Any CPU
		{9B8FA2FE-1697-4501-B8ED-70C6BA5017DB}.Release|Any CPU.ActiveCfg = Release|Any CPU
		{9B8FA2FE-1697-4501-B8ED-70C6BA5017DB}.Release|Any CPU.Build.0 = Release|Any CPU
		{534E6C0B-2CE0-491A-B63F-5184B1D422B6}.Debug|Any CPU.ActiveCfg = Debug|Any CPU
		{534E6C0B-2CE0-491A-B63F-5184B1D422B6}.Debug|Any CPU.Build.0 = Debug|Any CPU
		{534E6C0B-2CE0-491A-B63F-5184B1D422B6}.Release|Any CPU.ActiveCfg = Release|Any CPU
		{534E6C0B-2CE0-491A-B63F-5184B1D422B6}.Release|Any CPU.Build.0 = Release|Any CPU
		{6B16292B-710F-43E3-A67D-874A2EBC5987}.Debug|Any CPU.ActiveCfg = Debug|Any CPU
		{6B16292B-710F-43E3-A67D-874A2EBC5987}.Debug|Any CPU.Build.0 = Debug|Any CPU
		{6B16292B-710F-43E3-A67D-874A2EBC5987}.Debug|Any CPU.Deploy.0 = Debug|Any CPU
		{6B16292B-710F-43E3-A67D-874A2EBC5987}.Release|Any CPU.ActiveCfg = Release|Any CPU
		{6B16292B-710F-43E3-A67D-874A2EBC5987}.Release|Any CPU.Build.0 = Release|Any CPU
		{6B16292B-710F-43E3-A67D-874A2EBC5987}.Release|Any CPU.Deploy.0 = Release|Any CPU
		{76A85C53-9409-4622-9CB3-DB9E883EF88B}.Debug|Any CPU.ActiveCfg = Debug|Any CPU
		{76A85C53-9409-4622-9CB3-DB9E883EF88B}.Debug|Any CPU.Build.0 = Debug|Any CPU
		{76A85C53-9409-4622-9CB3-DB9E883EF88B}.Debug|Any CPU.Deploy.0 = Debug|Any CPU
		{76A85C53-9409-4622-9CB3-DB9E883EF88B}.Release|Any CPU.ActiveCfg = Release|Any CPU
		{76A85C53-9409-4622-9CB3-DB9E883EF88B}.Release|Any CPU.Build.0 = Release|Any CPU
		{76A85C53-9409-4622-9CB3-DB9E883EF88B}.Release|Any CPU.Deploy.0 = Release|Any CPU
		{B2B052FF-EA4B-41F5-9975-B24F2F5DEAF4}.Debug|Any CPU.ActiveCfg = Debug|Any CPU
		{B2B052FF-EA4B-41F5-9975-B24F2F5DEAF4}.Debug|Any CPU.Build.0 = Debug|Any CPU
		{B2B052FF-EA4B-41F5-9975-B24F2F5DEAF4}.Debug|Any CPU.Deploy.0 = Debug|Any CPU
		{B2B052FF-EA4B-41F5-9975-B24F2F5DEAF4}.Release|Any CPU.ActiveCfg = Release|Any CPU
		{B2B052FF-EA4B-41F5-9975-B24F2F5DEAF4}.Release|Any CPU.Build.0 = Release|Any CPU
		{B2B052FF-EA4B-41F5-9975-B24F2F5DEAF4}.Release|Any CPU.Deploy.0 = Release|Any CPU
		{4F0AC064-5649-48FB-845A-458A6A9BC1CF}.Debug|Any CPU.ActiveCfg = Debug|Any CPU
		{4F0AC064-5649-48FB-845A-458A6A9BC1CF}.Debug|Any CPU.Build.0 = Debug|Any CPU
		{4F0AC064-5649-48FB-845A-458A6A9BC1CF}.Debug|Any CPU.Deploy.0 = Debug|Any CPU
		{4F0AC064-5649-48FB-845A-458A6A9BC1CF}.Release|Any CPU.ActiveCfg = Release|Any CPU
		{4F0AC064-5649-48FB-845A-458A6A9BC1CF}.Release|Any CPU.Build.0 = Release|Any CPU
		{4F0AC064-5649-48FB-845A-458A6A9BC1CF}.Release|Any CPU.Deploy.0 = Release|Any CPU
		{343ADF3C-9D1A-4F84-819D-8195567FB9AB}.Debug|Any CPU.ActiveCfg = Debug|Any CPU
		{343ADF3C-9D1A-4F84-819D-8195567FB9AB}.Debug|Any CPU.Build.0 = Debug|Any CPU
		{343ADF3C-9D1A-4F84-819D-8195567FB9AB}.Release|Any CPU.ActiveCfg = Release|Any CPU
		{343ADF3C-9D1A-4F84-819D-8195567FB9AB}.Release|Any CPU.Build.0 = Release|Any CPU
	EndGlobalSection
	GlobalSection(SolutionProperties) = preSolution
		HideSolutionNode = FALSE
	EndGlobalSection
	GlobalSection(NestedProjects) = preSolution
		{505B9D22-012A-4085-99A1-9C6F79785F4C} = {D371E8B7-4387-42B9-8F38-F818A5D9EB88}
		{456EFF78-31E6-4D78-8A26-B0056E9A2DEC} = {08719C63-A5CE-4CDE-8B43-30DB5A72AECE}
		{9014FE6E-F3F4-45C0-B993-AE17205B0008} = {08719C63-A5CE-4CDE-8B43-30DB5A72AECE}
		{2086BD8A-82CF-49E2-8AA7-E72B3C339355} = {08719C63-A5CE-4CDE-8B43-30DB5A72AECE}
		{153FA808-1485-48B6-971C-4AAECDF8E25B} = {08719C63-A5CE-4CDE-8B43-30DB5A72AECE}
		{C6643C99-EE46-4EC9-8B3C-B3C486BCAFCB} = {08719C63-A5CE-4CDE-8B43-30DB5A72AECE}
		{EB55FDF3-7A7A-423C-AE12-1E37B2ED0240} = {08719C63-A5CE-4CDE-8B43-30DB5A72AECE}
		{08719C63-A5CE-4CDE-8B43-30DB5A72AECE} = {DF482BD0-DD5D-489A-A7F3-3AA5840C2BE8}
		{98E3DFAF-45E3-49D5-BF89-7534ABC4024F} = {7D15DADF-E503-4026-A3A0-EFC15B2D5CC1}
		{28B63387-FAFE-43DE-9B8C-A506E070668C} = {7D15DADF-E503-4026-A3A0-EFC15B2D5CC1}
		{342EEEC2-7E58-40C7-A2B2-095D4C22813C} = {28B63387-FAFE-43DE-9B8C-A506E070668C}
		{05359005-306E-4AF4-9113-07DD0446DAE5} = {DF482BD0-DD5D-489A-A7F3-3AA5840C2BE8}
		{7C62BFBC-7341-42E0-88F2-1CED8E84305B} = {98E3DFAF-45E3-49D5-BF89-7534ABC4024F}
		{528396DE-89E7-4466-842D-6040FD98D281} = {05359005-306E-4AF4-9113-07DD0446DAE5}
		{B954CABB-3D77-4CBE-A793-3231936B5371} = {DF482BD0-DD5D-489A-A7F3-3AA5840C2BE8}
		{A7BEA62F-082F-4138-BA05-05ED9D18C656} = {B954CABB-3D77-4CBE-A793-3231936B5371}
		{E16CBA2B-8919-4D57-AEE3-BF60F85C9AA0} = {B954CABB-3D77-4CBE-A793-3231936B5371}
		{9685EB15-6D05-45A2-88A1-D601B0C27A29} = {45B7DB60-1415-4AEC-8668-65D4C9BB4880}
		{8FA1A508-E40F-4DE3-8709-DED170B462D8} = {7D15DADF-E503-4026-A3A0-EFC15B2D5CC1}
		{295D7829-1D15-4148-B8F7-6F803785F1AC} = {8FA1A508-E40F-4DE3-8709-DED170B462D8}
		{F81326E5-3974-4F71-9F99-C565676702C5} = {DF482BD0-DD5D-489A-A7F3-3AA5840C2BE8}
		{F43E030F-C171-433A-9904-B035563EE944} = {F81326E5-3974-4F71-9F99-C565676702C5}
		{8B667901-60EB-4FB7-929B-66ED8398A735} = {1D0EC9CD-D9ED-4B49-B3F7-37D66ACB03C5}
		{4CE97817-4EF1-4A73-ADC8-8B1A0D2B703F} = {28B63387-FAFE-43DE-9B8C-A506E070668C}
		{7546A951-C089-45E4-995C-C25E6044CE68} = {1D0EC9CD-D9ED-4B49-B3F7-37D66ACB03C5}
		{4028A286-4634-4B0A-834A-E5E10BD27371} = {98E3DFAF-45E3-49D5-BF89-7534ABC4024F}
		{D371E8B7-4387-42B9-8F38-F818A5D9EB88} = {DF482BD0-DD5D-489A-A7F3-3AA5840C2BE8}
		{57EB2CA8-76DC-4AF8-A91F-A32A2F3534B3} = {74EB36E8-43A6-4CC7-B2EA-0051256A9A63}
		{72695C5A-E6F4-42EC-BB35-35511BFEC3C0} = {74EB36E8-43A6-4CC7-B2EA-0051256A9A63}
		{7D15DADF-E503-4026-A3A0-EFC15B2D5CC1} = {DF482BD0-DD5D-489A-A7F3-3AA5840C2BE8}
		{87770B87-5884-48B7-929B-B848CA75D70A} = {7D15DADF-E503-4026-A3A0-EFC15B2D5CC1}
		{E0D00DA8-458A-4808-9333-70B575E49AC8} = {87770B87-5884-48B7-929B-B848CA75D70A}
		{6AFDD49F-57BE-4DDD-BB42-4A3BB5430E12} = {DF482BD0-DD5D-489A-A7F3-3AA5840C2BE8}
		{E5102235-CB14-4BB8-B6BA-900858241820} = {6AFDD49F-57BE-4DDD-BB42-4A3BB5430E12}
		{A6D82307-1F60-4806-83B6-092E9C3AA296} = {DF482BD0-DD5D-489A-A7F3-3AA5840C2BE8}
		{812E8514-BE1B-4470-BEB7-252BE437697F} = {DF482BD0-DD5D-489A-A7F3-3AA5840C2BE8}
		{3D64CC21-CD3B-4D6A-BC7A-27F7EFDD968C} = {812E8514-BE1B-4470-BEB7-252BE437697F}
		{289EF3C0-A713-4613-9623-EDB50405794E} = {A6D82307-1F60-4806-83B6-092E9C3AA296}
		{ADB848C8-34A6-42B5-90FC-DDF0B8513109} = {D371E8B7-4387-42B9-8F38-F818A5D9EB88}
		{9B8FA2FE-1697-4501-B8ED-70C6BA5017DB} = {D371E8B7-4387-42B9-8F38-F818A5D9EB88}
		{534E6C0B-2CE0-491A-B63F-5184B1D422B6} = {7D15DADF-E503-4026-A3A0-EFC15B2D5CC1}
		{6B16292B-710F-43E3-A67D-874A2EBC5987} = {CDA2F206-7165-4214-80A0-39D946A42B7A}
		{76A85C53-9409-4622-9CB3-DB9E883EF88B} = {CDA2F206-7165-4214-80A0-39D946A42B7A}
		{B2B052FF-EA4B-41F5-9975-B24F2F5DEAF4} = {CDA2F206-7165-4214-80A0-39D946A42B7A}
		{4F0AC064-5649-48FB-845A-458A6A9BC1CF} = {CDA2F206-7165-4214-80A0-39D946A42B7A}
		{569D1D92-AE8F-47BF-A587-62B0C9A68BFA} = {DF482BD0-DD5D-489A-A7F3-3AA5840C2BE8}
		{343ADF3C-9D1A-4F84-819D-8195567FB9AB} = {569D1D92-AE8F-47BF-A587-62B0C9A68BFA}
	EndGlobalSection
EndGlobal
