
Microsoft Visual Studio Solution File, Format Version 12.00
# Visual Studio 2013
VisualStudioVersion = 12.0.40629.0
MinimumVisualStudioVersion = 10.0.40219.1
Project("{FAE04EC0-301F-11D3-BF4B-00C04F79EFBC}") = "Mammatus", "Mammatus\Mammatus.csproj", "{88F26661-78E6-49D5-80BC-63EE79EEE9A4}"
EndProject
Project("{FAE04EC0-301F-11D3-BF4B-00C04F79EFBC}") = "Mammatus.Data", "Mammatus.Data\Mammatus.Data.csproj", "{20E89D07-EC07-4622-BE4B-1628768FEA84}"
EndProject
Project("{FAE04EC0-301F-11D3-BF4B-00C04F79EFBC}") = "Mammatus.Domain", "Mammatus.Domain\Mammatus.Domain.csproj", "{949984F4-CC69-4DDF-9B69-343198FA1425}"
EndProject
Project("{FAE04EC0-301F-11D3-BF4B-00C04F79EFBC}") = "Mammatus.Web", "Mammatus.Web\Mammatus.Web.csproj", "{83821E85-449E-4730-9FED-7EA5A34D9B30}"
EndProject
Project("{FAE04EC0-301F-11D3-BF4B-00C04F79EFBC}") = "Mammatus.Utilities", "Mammatus.Utilities\Mammatus.Utilities.csproj", "{664F38EE-8583-4D42-B4EB-70B70FCB670C}"
EndProject
Project("{FAE04EC0-301F-11D3-BF4B-00C04F79EFBC}") = "Mammatus.IoC", "Mammatus.IoC\Mammatus.IoC.csproj", "{754240AF-8BAE-41FE-B29C-BB076F23D103}"
EndProject
Project("{FAE04EC0-301F-11D3-BF4B-00C04F79EFBC}") = "Mammatus.Data.EF", "Mammatus.Data.EF\Mammatus.Data.EF.csproj", "{ADB848C8-34A6-42B5-90FC-DDF0B8513109}"
EndProject
Project("{FAE04EC0-301F-11D3-BF4B-00C04F79EFBC}") = "Mammatus.Data.NHibernate", "Mammatus.Data.NHibernate\Mammatus.Data.NHibernate.csproj", "{505B9D22-012A-4085-99A1-9C6F79785F4C}"
EndProject
Project("{2150E333-8FDC-42A3-9474-1A3956D46DE8}") = "Tests", "Tests", "{74EB36E8-43A6-4CC7-B2EA-0051256A9A63}"
EndProject
Project("{2150E333-8FDC-42A3-9474-1A3956D46DE8}") = ".nuget", ".nuget", "{BC670C77-6EF7-4F0E-B2E5-EC89B0383BA0}"
	ProjectSection(SolutionItems) = preProject
		.nuget\NuGet.Config = .nuget\NuGet.Config
		.nuget\NuGet.exe = .nuget\NuGet.exe
		.nuget\NuGet.targets = .nuget\NuGet.targets
	EndProjectSection
EndProject
Project("{2150E333-8FDC-42A3-9474-1A3956D46DE8}") = "Solution Items", "Solution Items", "{1D0EC9CD-D9ED-4B49-B3F7-37D66ACB03C5}"
EndProject
Project("{FAE04EC0-301F-11D3-BF4B-00C04F79EFBC}") = "Mammatus.Data.EFCore", "Mammatus.Data.EFCore\Mammatus.Data.EFCore.csproj", "{9B8FA2FE-1697-4501-B8ED-70C6BA5017DB}"
EndProject
Project("{2150E333-8FDC-42A3-9474-1A3956D46DE8}") = "Integrations", "Integrations", "{DF482BD0-DD5D-489A-A7F3-3AA5840C2BE8}"
EndProject
Project("{FAE04EC0-301F-11D3-BF4B-00C04F79EFBC}") = "Mammatus.IoC.Container.Autofac", "Mammatus.IoC.Container.Autofac\Mammatus.IoC.Container.Autofac.csproj", "{456EFF78-31E6-4D78-8A26-B0056E9A2DEC}"
EndProject
Project("{FAE04EC0-301F-11D3-BF4B-00C04F79EFBC}") = "Mammatus.IoC.Container.CastleWindsor", "Mammatus.IoC.Container.CastleWindsor\Mammatus.IoC.Container.CastleWindsor.csproj", "{9014FE6E-F3F4-45C0-B993-AE17205B0008}"
EndProject
Project("{FAE04EC0-301F-11D3-BF4B-00C04F79EFBC}") = "Mammatus.IoC.Container.SimpleInjector", "Mammatus.IoC.Container.SimpleInjector\Mammatus.IoC.Container.SimpleInjector.csproj", "{2086BD8A-82CF-49E2-8AA7-E72B3C339355}"
EndProject
Project("{FAE04EC0-301F-11D3-BF4B-00C04F79EFBC}") = "Mammatus.IoC.Container.Ninject", "Mammatus.IoC.Container.Ninject\Mammatus.IoC.Container.Ninject.csproj", "{153FA808-1485-48B6-971C-4AAECDF8E25B}"
EndProject
Project("{FAE04EC0-301F-11D3-BF4B-00C04F79EFBC}") = "Mammatus.IoC.Container.StructureMap", "Mammatus.IoC.Container.StructureMap\Mammatus.IoC.Container.StructureMap.csproj", "{C6643C99-EE46-4EC9-8B3C-B3C486BCAFCB}"
EndProject
Project("{FAE04EC0-301F-11D3-BF4B-00C04F79EFBC}") = "Mammatus.IoC.Container.Unity", "Mammatus.IoC.Container.Unity\Mammatus.IoC.Container.Unity.csproj", "{EB55FDF3-7A7A-423C-AE12-1E37B2ED0240}"
EndProject
Project("{2150E333-8FDC-42A3-9474-1A3956D46DE8}") = "IoC", "IoC", "{08719C63-A5CE-4CDE-8B43-30DB5A72AECE}"
EndProject
Project("{2150E333-8FDC-42A3-9474-1A3956D46DE8}") = "WebAPI", "WebAPI", "{98E3DFAF-45E3-49D5-BF89-7534ABC4024F}"
EndProject
Project("{2150E333-8FDC-42A3-9474-1A3956D46DE8}") = "Mvc", "Mvc", "{28B63387-FAFE-43DE-9B8C-A506E070668C}"
EndProject
Project("{FAE04EC0-301F-11D3-BF4B-00C04F79EFBC}") = "Mammatus.ServiceModel", "Mammatus.ServiceModel\Mammatus.ServiceModel.csproj", "{BFBD394A-5B20-46FD-BBAC-5E8C0E340B76}"
EndProject
Project("{FAE04EC0-301F-11D3-BF4B-00C04F79EFBC}") = "Mammatus.AspNet.Mvc", "Mammatus.AspNet.Mvc\Mammatus.AspNet.Mvc.csproj", "{342EEEC2-7E58-40C7-A2B2-095D4C22813C}"
EndProject
Project("{FAE04EC0-301F-11D3-BF4B-00C04F79EFBC}") = "Mammatus.Configuration", "Mammatus.Configuration\Mammatus.Configuration.csproj", "{15BF6122-C636-4294-B9F7-EE54A1826C0F}"
EndProject
Project("{2150E333-8FDC-42A3-9474-1A3956D46DE8}") = "Data", "Data", "{05359005-306E-4AF4-9113-07DD0446DAE5}"
EndProject
Project("{FAE04EC0-301F-11D3-BF4B-00C04F79EFBC}") = "Mammatus.AspNet.WebApi", "Mammatus.AspNet.WebApi\Mammatus.AspNet.WebApi.csproj", "{7C62BFBC-7341-42E0-88F2-1CED8E84305B}"
EndProject
Project("{FAE04EC0-301F-11D3-BF4B-00C04F79EFBC}") = "Mammatus.Serialization", "Mammatus.Serialization\Mammatus.Serialization.csproj", "{F3977E78-1E86-4380-905B-D22A736D2F1A}"
EndProject
Project("{FAE04EC0-301F-11D3-BF4B-00C04F79EFBC}") = "Mammatus.Serialization.Newtonsoft", "Mammatus.Serialization.Newtonsoft\Mammatus.Serialization.Newtonsoft.csproj", "{528396DE-89E7-4466-842D-6040FD98D281}"
EndProject
Project("{FAE04EC0-301F-11D3-BF4B-00C04F79EFBC}") = "Mammatus.UI", "Mammatus.UI\Mammatus.UI.csproj", "{B48F48A6-1466-4458-8579-3CFDD66F4561}"
EndProject
Global
	GlobalSection(SolutionConfigurationPlatforms) = preSolution
		Debug|Any CPU = Debug|Any CPU
		Release|Any CPU = Release|Any CPU
	EndGlobalSection
	GlobalSection(ProjectConfigurationPlatforms) = postSolution
		{88F26661-78E6-49D5-80BC-63EE79EEE9A4}.Debug|Any CPU.ActiveCfg = Debug|Any CPU
		{88F26661-78E6-49D5-80BC-63EE79EEE9A4}.Debug|Any CPU.Build.0 = Debug|Any CPU
		{88F26661-78E6-49D5-80BC-63EE79EEE9A4}.Release|Any CPU.ActiveCfg = Release|Any CPU
		{88F26661-78E6-49D5-80BC-63EE79EEE9A4}.Release|Any CPU.Build.0 = Release|Any CPU
		{20E89D07-EC07-4622-BE4B-1628768FEA84}.Debug|Any CPU.ActiveCfg = Debug|Any CPU
		{20E89D07-EC07-4622-BE4B-1628768FEA84}.Debug|Any CPU.Build.0 = Debug|Any CPU
		{20E89D07-EC07-4622-BE4B-1628768FEA84}.Release|Any CPU.ActiveCfg = Release|Any CPU
		{20E89D07-EC07-4622-BE4B-1628768FEA84}.Release|Any CPU.Build.0 = Release|Any CPU
		{949984F4-CC69-4DDF-9B69-343198FA1425}.Debug|Any CPU.ActiveCfg = Debug|Any CPU
		{949984F4-CC69-4DDF-9B69-343198FA1425}.Debug|Any CPU.Build.0 = Debug|Any CPU
		{949984F4-CC69-4DDF-9B69-343198FA1425}.Release|Any CPU.ActiveCfg = Release|Any CPU
		{949984F4-CC69-4DDF-9B69-343198FA1425}.Release|Any CPU.Build.0 = Release|Any CPU
		{83821E85-449E-4730-9FED-7EA5A34D9B30}.Debug|Any CPU.ActiveCfg = Debug|Any CPU
		{83821E85-449E-4730-9FED-7EA5A34D9B30}.Debug|Any CPU.Build.0 = Debug|Any CPU
		{83821E85-449E-4730-9FED-7EA5A34D9B30}.Release|Any CPU.ActiveCfg = Release|Any CPU
		{83821E85-449E-4730-9FED-7EA5A34D9B30}.Release|Any CPU.Build.0 = Release|Any CPU
		{664F38EE-8583-4D42-B4EB-70B70FCB670C}.Debug|Any CPU.ActiveCfg = Debug|Any CPU
		{664F38EE-8583-4D42-B4EB-70B70FCB670C}.Debug|Any CPU.Build.0 = Debug|Any CPU
		{664F38EE-8583-4D42-B4EB-70B70FCB670C}.Release|Any CPU.ActiveCfg = Release|Any CPU
		{664F38EE-8583-4D42-B4EB-70B70FCB670C}.Release|Any CPU.Build.0 = Release|Any CPU
		{754240AF-8BAE-41FE-B29C-BB076F23D103}.Debug|Any CPU.ActiveCfg = Debug|Any CPU
		{754240AF-8BAE-41FE-B29C-BB076F23D103}.Debug|Any CPU.Build.0 = Debug|Any CPU
		{754240AF-8BAE-41FE-B29C-BB076F23D103}.Release|Any CPU.ActiveCfg = Release|Any CPU
		{754240AF-8BAE-41FE-B29C-BB076F23D103}.Release|Any CPU.Build.0 = Release|Any CPU
		{ADB848C8-34A6-42B5-90FC-DDF0B8513109}.Debug|Any CPU.ActiveCfg = Debug|Any CPU
		{ADB848C8-34A6-42B5-90FC-DDF0B8513109}.Debug|Any CPU.Build.0 = Debug|Any CPU
		{ADB848C8-34A6-42B5-90FC-DDF0B8513109}.Release|Any CPU.ActiveCfg = Release|Any CPU
		{ADB848C8-34A6-42B5-90FC-DDF0B8513109}.Release|Any CPU.Build.0 = Release|Any CPU
		{505B9D22-012A-4085-99A1-9C6F79785F4C}.Debug|Any CPU.ActiveCfg = Debug|Any CPU
		{505B9D22-012A-4085-99A1-9C6F79785F4C}.Debug|Any CPU.Build.0 = Debug|Any CPU
		{505B9D22-012A-4085-99A1-9C6F79785F4C}.Release|Any CPU.ActiveCfg = Release|Any CPU
		{505B9D22-012A-4085-99A1-9C6F79785F4C}.Release|Any CPU.Build.0 = Release|Any CPU
		{9B8FA2FE-1697-4501-B8ED-70C6BA5017DB}.Debug|Any CPU.ActiveCfg = Debug|Any CPU
		{9B8FA2FE-1697-4501-B8ED-70C6BA5017DB}.Debug|Any CPU.Build.0 = Debug|Any CPU
		{9B8FA2FE-1697-4501-B8ED-70C6BA5017DB}.Release|Any CPU.ActiveCfg = Release|Any CPU
		{9B8FA2FE-1697-4501-B8ED-70C6BA5017DB}.Release|Any CPU.Build.0 = Release|Any CPU
		{456EFF78-31E6-4D78-8A26-B0056E9A2DEC}.Debug|Any CPU.ActiveCfg = Debug|Any CPU
		{456EFF78-31E6-4D78-8A26-B0056E9A2DEC}.Debug|Any CPU.Build.0 = Debug|Any CPU
		{456EFF78-31E6-4D78-8A26-B0056E9A2DEC}.Release|Any CPU.ActiveCfg = Release|Any CPU
		{456EFF78-31E6-4D78-8A26-B0056E9A2DEC}.Release|Any CPU.Build.0 = Release|Any CPU
		{9014FE6E-F3F4-45C0-B993-AE17205B0008}.Debug|Any CPU.ActiveCfg = Debug|Any CPU
		{9014FE6E-F3F4-45C0-B993-AE17205B0008}.Debug|Any CPU.Build.0 = Debug|Any CPU
		{9014FE6E-F3F4-45C0-B993-AE17205B0008}.Release|Any CPU.ActiveCfg = Release|Any CPU
		{9014FE6E-F3F4-45C0-B993-AE17205B0008}.Release|Any CPU.Build.0 = Release|Any CPU
		{2086BD8A-82CF-49E2-8AA7-E72B3C339355}.Debug|Any CPU.ActiveCfg = Debug|Any CPU
		{2086BD8A-82CF-49E2-8AA7-E72B3C339355}.Debug|Any CPU.Build.0 = Debug|Any CPU
		{2086BD8A-82CF-49E2-8AA7-E72B3C339355}.Release|Any CPU.ActiveCfg = Release|Any CPU
		{2086BD8A-82CF-49E2-8AA7-E72B3C339355}.Release|Any CPU.Build.0 = Release|Any CPU
		{153FA808-1485-48B6-971C-4AAECDF8E25B}.Debug|Any CPU.ActiveCfg = Debug|Any CPU
		{153FA808-1485-48B6-971C-4AAECDF8E25B}.Debug|Any CPU.Build.0 = Debug|Any CPU
		{153FA808-1485-48B6-971C-4AAECDF8E25B}.Release|Any CPU.ActiveCfg = Release|Any CPU
		{153FA808-1485-48B6-971C-4AAECDF8E25B}.Release|Any CPU.Build.0 = Release|Any CPU
		{C6643C99-EE46-4EC9-8B3C-B3C486BCAFCB}.Debug|Any CPU.ActiveCfg = Debug|Any CPU
		{C6643C99-EE46-4EC9-8B3C-B3C486BCAFCB}.Debug|Any CPU.Build.0 = Debug|Any CPU
		{C6643C99-EE46-4EC9-8B3C-B3C486BCAFCB}.Release|Any CPU.ActiveCfg = Release|Any CPU
		{C6643C99-EE46-4EC9-8B3C-B3C486BCAFCB}.Release|Any CPU.Build.0 = Release|Any CPU
		{EB55FDF3-7A7A-423C-AE12-1E37B2ED0240}.Debug|Any CPU.ActiveCfg = Debug|Any CPU
		{EB55FDF3-7A7A-423C-AE12-1E37B2ED0240}.Debug|Any CPU.Build.0 = Debug|Any CPU
		{EB55FDF3-7A7A-423C-AE12-1E37B2ED0240}.Release|Any CPU.ActiveCfg = Release|Any CPU
		{EB55FDF3-7A7A-423C-AE12-1E37B2ED0240}.Release|Any CPU.Build.0 = Release|Any CPU
		{BFBD394A-5B20-46FD-BBAC-5E8C0E340B76}.Debug|Any CPU.ActiveCfg = Debug|Any CPU
		{BFBD394A-5B20-46FD-BBAC-5E8C0E340B76}.Debug|Any CPU.Build.0 = Debug|Any CPU
		{BFBD394A-5B20-46FD-BBAC-5E8C0E340B76}.Release|Any CPU.ActiveCfg = Release|Any CPU
		{BFBD394A-5B20-46FD-BBAC-5E8C0E340B76}.Release|Any CPU.Build.0 = Release|Any CPU
		{342EEEC2-7E58-40C7-A2B2-095D4C22813C}.Debug|Any CPU.ActiveCfg = Debug|Any CPU
		{342EEEC2-7E58-40C7-A2B2-095D4C22813C}.Debug|Any CPU.Build.0 = Debug|Any CPU
		{342EEEC2-7E58-40C7-A2B2-095D4C22813C}.Release|Any CPU.ActiveCfg = Release|Any CPU
		{342EEEC2-7E58-40C7-A2B2-095D4C22813C}.Release|Any CPU.Build.0 = Release|Any CPU
		{15BF6122-C636-4294-B9F7-EE54A1826C0F}.Debug|Any CPU.ActiveCfg = Debug|Any CPU
		{15BF6122-C636-4294-B9F7-EE54A1826C0F}.Debug|Any CPU.Build.0 = Debug|Any CPU
		{15BF6122-C636-4294-B9F7-EE54A1826C0F}.Release|Any CPU.ActiveCfg = Release|Any CPU
		{15BF6122-C636-4294-B9F7-EE54A1826C0F}.Release|Any CPU.Build.0 = Release|Any CPU
		{7C62BFBC-7341-42E0-88F2-1CED8E84305B}.Debug|Any CPU.ActiveCfg = Debug|Any CPU
		{7C62BFBC-7341-42E0-88F2-1CED8E84305B}.Debug|Any CPU.Build.0 = Debug|Any CPU
		{7C62BFBC-7341-42E0-88F2-1CED8E84305B}.Release|Any CPU.ActiveCfg = Release|Any CPU
		{7C62BFBC-7341-42E0-88F2-1CED8E84305B}.Release|Any CPU.Build.0 = Release|Any CPU
		{F3977E78-1E86-4380-905B-D22A736D2F1A}.Debug|Any CPU.ActiveCfg = Debug|Any CPU
		{F3977E78-1E86-4380-905B-D22A736D2F1A}.Debug|Any CPU.Build.0 = Debug|Any CPU
		{F3977E78-1E86-4380-905B-D22A736D2F1A}.Release|Any CPU.ActiveCfg = Release|Any CPU
		{F3977E78-1E86-4380-905B-D22A736D2F1A}.Release|Any CPU.Build.0 = Release|Any CPU
		{528396DE-89E7-4466-842D-6040FD98D281}.Debug|Any CPU.ActiveCfg = Debug|Any CPU
		{528396DE-89E7-4466-842D-6040FD98D281}.Debug|Any CPU.Build.0 = Debug|Any CPU
		{528396DE-89E7-4466-842D-6040FD98D281}.Release|Any CPU.ActiveCfg = Release|Any CPU
		{528396DE-89E7-4466-842D-6040FD98D281}.Release|Any CPU.Build.0 = Release|Any CPU
		{B48F48A6-1466-4458-8579-3CFDD66F4561}.Debug|Any CPU.ActiveCfg = Debug|Any CPU
		{B48F48A6-1466-4458-8579-3CFDD66F4561}.Debug|Any CPU.Build.0 = Debug|Any CPU
		{B48F48A6-1466-4458-8579-3CFDD66F4561}.Release|Any CPU.ActiveCfg = Release|Any CPU
		{B48F48A6-1466-4458-8579-3CFDD66F4561}.Release|Any CPU.Build.0 = Release|Any CPU
	EndGlobalSection
	GlobalSection(SolutionProperties) = preSolution
		HideSolutionNode = FALSE
	EndGlobalSection
	GlobalSection(NestedProjects) = preSolution
		{456EFF78-31E6-4D78-8A26-B0056E9A2DEC} = {08719C63-A5CE-4CDE-8B43-30DB5A72AECE}
		{9014FE6E-F3F4-45C0-B993-AE17205B0008} = {08719C63-A5CE-4CDE-8B43-30DB5A72AECE}
		{2086BD8A-82CF-49E2-8AA7-E72B3C339355} = {08719C63-A5CE-4CDE-8B43-30DB5A72AECE}
		{153FA808-1485-48B6-971C-4AAECDF8E25B} = {08719C63-A5CE-4CDE-8B43-30DB5A72AECE}
		{C6643C99-EE46-4EC9-8B3C-B3C486BCAFCB} = {08719C63-A5CE-4CDE-8B43-30DB5A72AECE}
		{EB55FDF3-7A7A-423C-AE12-1E37B2ED0240} = {08719C63-A5CE-4CDE-8B43-30DB5A72AECE}
		{08719C63-A5CE-4CDE-8B43-30DB5A72AECE} = {DF482BD0-DD5D-489A-A7F3-3AA5840C2BE8}
		{98E3DFAF-45E3-49D5-BF89-7534ABC4024F} = {DF482BD0-DD5D-489A-A7F3-3AA5840C2BE8}
		{28B63387-FAFE-43DE-9B8C-A506E070668C} = {DF482BD0-DD5D-489A-A7F3-3AA5840C2BE8}
		{342EEEC2-7E58-40C7-A2B2-095D4C22813C} = {28B63387-FAFE-43DE-9B8C-A506E070668C}
		{05359005-306E-4AF4-9113-07DD0446DAE5} = {DF482BD0-DD5D-489A-A7F3-3AA5840C2BE8}
		{7C62BFBC-7341-42E0-88F2-1CED8E84305B} = {98E3DFAF-45E3-49D5-BF89-7534ABC4024F}
		{528396DE-89E7-4466-842D-6040FD98D281} = {05359005-306E-4AF4-9113-07DD0446DAE5}
	EndGlobalSection
EndGlobal
